
Microsoft Visual Studio Solution File, Format Version 12.00
# Visual Studio Version 16
VisualStudioVersion = 16.0.31911.196
MinimumVisualStudioVersion = 10.0.40219.1
Project("{FAE04EC0-301F-11D3-BF4B-00C04F79EFBC}") = "mathPass", "mathPass\mathPass.csproj", "{3C84E11E-AFD0-4B8C-984C-BF03FAEF3D67}"
EndProject
Global
	GlobalSection(SolutionConfigurationPlatforms) = preSolution
		Debug|Any CPU = Debug|Any CPU
		Release|Any CPU = Release|Any CPU
	EndGlobalSection
	GlobalSection(ProjectConfigurationPlatforms) = postSolution
		{3C84E11E-AFD0-4B8C-984C-BF03FAEF3D67}.Debug|Any CPU.ActiveCfg = Debug|Any CPU
		{3C84E11E-AFD0-4B8C-984C-BF03FAEF3D67}.Debug|Any CPU.Build.0 = Debug|Any CPU
		{3C84E11E-AFD0-4B8C-984C-BF03FAEF3D67}.Release|Any CPU.ActiveCfg = Release|Any CPU
		{3C84E11E-AFD0-4B8C-984C-BF03FAEF3D67}.Release|Any CPU.Build.0 = Release|Any CPU
	EndGlobalSection
	GlobalSection(SolutionProperties) = preSolution
		HideSolutionNode = FALSE
	EndGlobalSection
	GlobalSection(ExtensibilityGlobals) = postSolution
		SolutionGuid = {3863A85F-4F59-4B9D-A1EB-0ED7DAE63D4D}
	EndGlobalSection
EndGlobal
